
Microsoft Visual Studio Solution File, Format Version 12.00
# Visual Studio Version 17
VisualStudioVersion = 17.0.31903.59
MinimumVisualStudioVersion = 10.0.40219.1
Project("{2150E333-8FDC-42A3-9474-1A3956D46DE8}") = "src", "src", "{827E0CD3-B72D-47B6-A68D-7590B98EB39B}"
EndProject
Project("{FAE04EC0-301F-11D3-BF4B-00C04F79EFBC}") = "Lumen.App", "src\Lumen.App\Lumen.App.csproj", "{D8BD1C99-AF71-4D32-9B71-C7E23CFDFBD0}"
EndProject
Project("{FAE04EC0-301F-11D3-BF4B-00C04F79EFBC}") = "Lumen.Core", "src\Lumen.Core\Lumen.Core.csproj", "{B57E99B2-9761-4C76-B2D0-E75DD17C1C21}"
EndProject
Project("{FAE04EC0-301F-11D3-BF4B-00C04F79EFBC}") = "Lumen.Data", "src\Lumen.Data\Lumen.Data.csproj", "{7848F533-4FF2-41E3-ADAC-6F4A14F951AB}"
EndProject
Project("{FAE04EC0-301F-11D3-BF4B-00C04F79EFBC}") = "Lumen.Providers", "src\Lumen.Providers\Lumen.Providers.csproj", "{8C6EAB45-FC03-46BA-BC30-0A4966E24239}"
EndProject
Project("{FAE04EC0-301F-11D3-BF4B-00C04F79EFBC}") = "Lumen.Core.Tests", "tests\Lumen.Core.Tests\Lumen.Core.Tests.csproj", "{F4F1875F-3ABD-4B09-BA47-B181DE023112}"
EndProject
Project("{FAE04EC0-301F-11D3-BF4B-00C04F79EFBC}") = "Lumen.Providers.Tests", "tests\Lumen.Providers.Tests\Lumen.Providers.Tests.csproj", "{65DF5C27-DE7D-4F1D-BEE1-9D0D9AC72D6E}"
EndProject
Global
	GlobalSection(SolutionConfigurationPlatforms) = preSolution
		Debug|Any CPU = Debug|Any CPU
		Debug|x64 = Debug|x64
		Debug|x86 = Debug|x86
		Release|Any CPU = Release|Any CPU
		Release|x64 = Release|x64
		Release|x86 = Release|x86
	EndGlobalSection
	GlobalSection(ProjectConfigurationPlatforms) = postSolution
		{D8BD1C99-AF71-4D32-9B71-C7E23CFDFBD0}.Debug|Any CPU.ActiveCfg = Debug|Any CPU
		{D8BD1C99-AF71-4D32-9B71-C7E23CFDFBD0}.Debug|Any CPU.Build.0 = Debug|Any CPU
		{D8BD1C99-AF71-4D32-9B71-C7E23CFDFBD0}.Debug|x64.ActiveCfg = Debug|Any CPU
		{D8BD1C99-AF71-4D32-9B71-C7E23CFDFBD0}.Debug|x64.Build.0 = Debug|Any CPU
		{D8BD1C99-AF71-4D32-9B71-C7E23CFDFBD0}.Debug|x86.ActiveCfg = Debug|Any CPU
		{D8BD1C99-AF71-4D32-9B71-C7E23CFDFBD0}.Debug|x86.Build.0 = Debug|Any CPU
		{D8BD1C99-AF71-4D32-9B71-C7E23CFDFBD0}.Release|Any CPU.ActiveCfg = Release|Any CPU
		{D8BD1C99-AF71-4D32-9B71-C7E23CFDFBD0}.Release|Any CPU.Build.0 = Release|Any CPU
		{D8BD1C99-AF71-4D32-9B71-C7E23CFDFBD0}.Release|x64.ActiveCfg = Release|Any CPU
		{D8BD1C99-AF71-4D32-9B71-C7E23CFDFBD0}.Release|x64.Build.0 = Release|Any CPU
		{D8BD1C99-AF71-4D32-9B71-C7E23CFDFBD0}.Release|x86.ActiveCfg = Release|Any CPU
		{D8BD1C99-AF71-4D32-9B71-C7E23CFDFBD0}.Release|x86.Build.0 = Release|Any CPU
		{B57E99B2-9761-4C76-B2D0-E75DD17C1C21}.Debug|Any CPU.ActiveCfg = Debug|Any CPU
		{B57E99B2-9761-4C76-B2D0-E75DD17C1C21}.Debug|Any CPU.Build.0 = Debug|Any CPU
		{B57E99B2-9761-4C76-B2D0-E75DD17C1C21}.Debug|x64.ActiveCfg = Debug|Any CPU
		{B57E99B2-9761-4C76-B2D0-E75DD17C1C21}.Debug|x64.Build.0 = Debug|Any CPU
		{B57E99B2-9761-4C76-B2D0-E75DD17C1C21}.Debug|x86.ActiveCfg = Debug|Any CPU
		{B57E99B2-9761-4C76-B2D0-E75DD17C1C21}.Debug|x86.Build.0 = Debug|Any CPU
		{B57E99B2-9761-4C76-B2D0-E75DD17C1C21}.Release|Any CPU.ActiveCfg = Release|Any CPU
		{B57E99B2-9761-4C76-B2D0-E75DD17C1C21}.Release|Any CPU.Build.0 = Release|Any CPU
		{B57E99B2-9761-4C76-B2D0-E75DD17C1C21}.Release|x64.ActiveCfg = Release|Any CPU
		{B57E99B2-9761-4C76-B2D0-E75DD17C1C21}.Release|x64.Build.0 = Release|Any CPU
		{B57E99B2-9761-4C76-B2D0-E75DD17C1C21}.Release|x86.ActiveCfg = Release|Any CPU
		{B57E99B2-9761-4C76-B2D0-E75DD17C1C21}.Release|x86.Build.0 = Release|Any CPU
		{7848F533-4FF2-41E3-ADAC-6F4A14F951AB}.Debug|Any CPU.ActiveCfg = Debug|Any CPU
		{7848F533-4FF2-41E3-ADAC-6F4A14F951AB}.Debug|Any CPU.Build.0 = Debug|Any CPU
		{7848F533-4FF2-41E3-ADAC-6F4A14F951AB}.Debug|x64.ActiveCfg = Debug|Any CPU
		{7848F533-4FF2-41E3-ADAC-6F4A14F951AB}.Debug|x64.Build.0 = Debug|Any CPU
		{7848F533-4FF2-41E3-ADAC-6F4A14F951AB}.Debug|x86.ActiveCfg = Debug|Any CPU
		{7848F533-4FF2-41E3-ADAC-6F4A14F951AB}.Debug|x86.Build.0 = Debug|Any CPU
		{7848F533-4FF2-41E3-ADAC-6F4A14F951AB}.Release|Any CPU.ActiveCfg = Release|Any CPU
		{7848F533-4FF2-41E3-ADAC-6F4A14F951AB}.Release|Any CPU.Build.0 = Release|Any CPU
		{7848F533-4FF2-41E3-ADAC-6F4A14F951AB}.Release|x64.ActiveCfg = Release|Any CPU
		{7848F533-4FF2-41E3-ADAC-6F4A14F951AB}.Release|x64.Build.0 = Release|Any CPU
		{7848F533-4FF2-41E3-ADAC-6F4A14F951AB}.Release|x86.ActiveCfg = Release|Any CPU
		{7848F533-4FF2-41E3-ADAC-6F4A14F951AB}.Release|x86.Build.0 = Release|Any CPU
		{8C6EAB45-FC03-46BA-BC30-0A4966E24239}.Debug|Any CPU.ActiveCfg = Debug|Any CPU
		{8C6EAB45-FC03-46BA-BC30-0A4966E24239}.Debug|Any CPU.Build.0 = Debug|Any CPU
		{8C6EAB45-FC03-46BA-BC30-0A4966E24239}.Debug|x64.ActiveCfg = Debug|Any CPU
		{8C6EAB45-FC03-46BA-BC30-0A4966E24239}.Debug|x64.Build.0 = Debug|Any CPU
		{8C6EAB45-FC03-46BA-BC30-0A4966E24239}.Debug|x86.ActiveCfg = Debug|Any CPU
		{8C6EAB45-FC03-46BA-BC30-0A4966E24239}.Debug|x86.Build.0 = Debug|Any CPU
		{8C6EAB45-FC03-46BA-BC30-0A4966E24239}.Release|Any CPU.ActiveCfg = Release|Any CPU
		{8C6EAB45-FC03-46BA-BC30-0A4966E24239}.Release|Any CPU.Build.0 = Release|Any CPU
		{8C6EAB45-FC03-46BA-BC30-0A4966E24239}.Release|x64.ActiveCfg = Release|Any CPU
		{8C6EAB45-FC03-46BA-BC30-0A4966E24239}.Release|x64.Build.0 = Release|Any CPU
		{8C6EAB45-FC03-46BA-BC30-0A4966E24239}.Release|x86.ActiveCfg = Release|Any CPU
		{8C6EAB45-FC03-46BA-BC30-0A4966E24239}.Release|x86.Build.0 = Release|Any CPU
		{F4F1875F-3ABD-4B09-BA47-B181DE023112}.Debug|Any CPU.ActiveCfg = Debug|Any CPU
		{F4F1875F-3ABD-4B09-BA47-B181DE023112}.Debug|Any CPU.Build.0 = Debug|Any CPU
		{F4F1875F-3ABD-4B09-BA47-B181DE023112}.Debug|x64.ActiveCfg = Debug|Any CPU
		{F4F1875F-3ABD-4B09-BA47-B181DE023112}.Debug|x64.Build.0 = Debug|Any CPU
		{F4F1875F-3ABD-4B09-BA47-B181DE023112}.Debug|x86.ActiveCfg = Debug|Any CPU
		{F4F1875F-3ABD-4B09-BA47-B181DE023112}.Debug|x86.Build.0 = Debug|Any CPU
		{F4F1875F-3ABD-4B09-BA47-B181DE023112}.Release|Any CPU.ActiveCfg = Release|Any CPU
		{F4F1875F-3ABD-4B09-BA47-B181DE023112}.Release|Any CPU.Build.0 = Release|Any CPU
		{F4F1875F-3ABD-4B09-BA47-B181DE023112}.Release|x64.ActiveCfg = Release|Any CPU
		{F4F1875F-3ABD-4B09-BA47-B181DE023112}.Release|x64.Build.0 = Release|Any CPU
		{F4F1875F-3ABD-4B09-BA47-B181DE023112}.Release|x86.ActiveCfg = Release|Any CPU
		{F4F1875F-3ABD-4B09-BA47-B181DE023112}.Release|x86.Build.0 = Release|Any CPU
		{65DF5C27-DE7D-4F1D-BEE1-9D0D9AC72D6E}.Debug|Any CPU.ActiveCfg = Debug|Any CPU
		{65DF5C27-DE7D-4F1D-BEE1-9D0D9AC72D6E}.Debug|Any CPU.Build.0 = Debug|Any CPU
		{65DF5C27-DE7D-4F1D-BEE1-9D0D9AC72D6E}.Debug|x64.ActiveCfg = Debug|Any CPU
		{65DF5C27-DE7D-4F1D-BEE1-9D0D9AC72D6E}.Debug|x64.Build.0 = Debug|Any CPU
		{65DF5C27-DE7D-4F1D-BEE1-9D0D9AC72D6E}.Debug|x86.ActiveCfg = Debug|Any CPU
		{65DF5C27-DE7D-4F1D-BEE1-9D0D9AC72D6E}.Debug|x86.Build.0 = Debug|Any CPU
		{65DF5C27-DE7D-4F1D-BEE1-9D0D9AC72D6E}.Release|Any CPU.ActiveCfg = Release|Any CPU
		{65DF5C27-DE7D-4F1D-BEE1-9D0D9AC72D6E}.Release|Any CPU.Build.0 = Release|Any CPU
		{65DF5C27-DE7D-4F1D-BEE1-9D0D9AC72D6E}.Release|x64.ActiveCfg = Release|Any CPU
		{65DF5C27-DE7D-4F1D-BEE1-9D0D9AC72D6E}.Release|x64.Build.0 = Release|Any CPU
		{65DF5C27-DE7D-4F1D-BEE1-9D0D9AC72D6E}.Release|x86.ActiveCfg = Release|Any CPU
		{65DF5C27-DE7D-4F1D-BEE1-9D0D9AC72D6E}.Release|x86.Build.0 = Release|Any CPU
	EndGlobalSection
	GlobalSection(SolutionProperties) = preSolution
		HideSolutionNode = FALSE
	EndGlobalSection
	GlobalSection(NestedProjects) = preSolution
		{D8BD1C99-AF71-4D32-9B71-C7E23CFDFBD0} = {827E0CD3-B72D-47B6-A68D-7590B98EB39B}
		{B57E99B2-9761-4C76-B2D0-E75DD17C1C21} = {827E0CD3-B72D-47B6-A68D-7590B98EB39B}
		{7848F533-4FF2-41E3-ADAC-6F4A14F951AB} = {827E0CD3-B72D-47B6-A68D-7590B98EB39B}
		{8C6EAB45-FC03-46BA-BC30-0A4966E24239} = {827E0CD3-B72D-47B6-A68D-7590B98EB39B}
		{F4F1875F-3ABD-4B09-BA47-B181DE023112} = {827E0CD3-B72D-47B6-A68D-7590B98EB39B}
		{65DF5C27-DE7D-4F1D-BEE1-9D0D9AC72D6E} = {827E0CD3-B72D-47B6-A68D-7590B98EB39B}
	EndGlobalSection
EndGlobal
